// !$*UTF8*$!
{
	archiveVersion = 1;
	classes = {
	};
	objectVersion = 46;
	objects = {

/* Begin PBXBuildFile section */
		84DE8E251BA05D87000F0039 /* main.m in Sources */ = {isa = PBXBuildFile; fileRef = 84DE8E241BA05D87000F0039 /* main.m */; };
		84DE8E281BA05D87000F0039 /* AppDelegate.m in Sources */ = {isa = PBXBuildFile; fileRef = 84DE8E271BA05D87000F0039 /* AppDelegate.m */; };
		84DE8E2B1BA05D87000F0039 /* ViewController.m in Sources */ = {isa = PBXBuildFile; fileRef = 84DE8E2A1BA05D87000F0039 /* ViewController.m */; };
		84DE8E2E1BA05D87000F0039 /* Main.storyboard in Resources */ = {isa = PBXBuildFile; fileRef = 84DE8E2C1BA05D87000F0039 /* Main.storyboard */; };
		84DE8E301BA05D87000F0039 /* Images.xcassets in Resources */ = {isa = PBXBuildFile; fileRef = 84DE8E2F1BA05D87000F0039 /* Images.xcassets */; };
		84DE8E331BA05D87000F0039 /* LaunchScreen.xib in Resources */ = {isa = PBXBuildFile; fileRef = 84DE8E311BA05D87000F0039 /* LaunchScreen.xib */; };
		84DE8E3F1BA05D87000F0039 /* HelloWoTests.m in Sources */ = {isa = PBXBuildFile; fileRef = 84DE8E3E1BA05D87000F0039 /* HelloWoTests.m */; };
		84DE8E4A1BA06766000F0039 /* SecondViewController.m in Sources */ = {isa = PBXBuildFile; fileRef = 84DE8E491BA06766000F0039 /* SecondViewController.m */; };
/* End PBXBuildFile section */

/* Begin PBXContainerItemProxy section */
		84DE8E391BA05D87000F0039 /* PBXContainerItemProxy */ = {
			isa = PBXContainerItemProxy;
			containerPortal = 84DE8E171BA05D86000F0039 /* Project object */;
			proxyType = 1;
			remoteGlobalIDString = 84DE8E1E1BA05D87000F0039;
			remoteInfo = HelloWo;
		};
/* End PBXContainerItemProxy section */

/* Begin PBXFileReference section */
		84DE8E1F1BA05D87000F0039 /* HelloWo.app */ = {isa = PBXFileReference; explicitFileType = wrapper.application; includeInIndex = 0; path = HelloWo.app; sourceTree = BUILT_PRODUCTS_DIR; };
		84DE8E231BA05D87000F0039 /* Info.plist */ = {isa = PBXFileReference; lastKnownFileType = text.plist.xml; path = Info.plist; sourceTree = "<group>"; };
		84DE8E241BA05D87000F0039 /* main.m */ = {isa = PBXFileReference; lastKnownFileType = sourcecode.c.objc; path = main.m; sourceTree = "<group>"; };
		84DE8E261BA05D87000F0039 /* AppDelegate.h */ = {isa = PBXFileReference; lastKnownFileType = sourcecode.c.h; path = AppDelegate.h; sourceTree = "<group>"; };
		84DE8E271BA05D87000F0039 /* AppDelegate.m */ = {isa = PBXFileReference; lastKnownFileType = sourcecode.c.objc; path = AppDelegate.m; sourceTree = "<group>"; };
		84DE8E291BA05D87000F0039 /* ViewController.h */ = {isa = PBXFileReference; lastKnownFileType = sourcecode.c.h; path = ViewController.h; sourceTree = "<group>"; };
		84DE8E2A1BA05D87000F0039 /* ViewController.m */ = {isa = PBXFileReference; lastKnownFileType = sourcecode.c.objc; path = ViewController.m; sourceTree = "<group>"; };
		84DE8E2D1BA05D87000F0039 /* Base */ = {isa = PBXFileReference; lastKnownFileType = file.storyboard; name = Base; path = Base.lproj/Main.storyboard; sourceTree = "<group>"; };
		84DE8E2F1BA05D87000F0039 /* Images.xcassets */ = {isa = PBXFileReference; lastKnownFileType = folder.assetcatalog; path = Images.xcassets; sourceTree = "<group>"; };
		84DE8E321BA05D87000F0039 /* Base */ = {isa = PBXFileReference; lastKnownFileType = file.xib; name = Base; path = Base.lproj/LaunchScreen.xib; sourceTree = "<group>"; };
		84DE8E381BA05D87000F0039 /* HelloWoTests.xctest */ = {isa = PBXFileReference; explicitFileType = wrapper.cfbundle; includeInIndex = 0; path = HelloWoTests.xctest; sourceTree = BUILT_PRODUCTS_DIR; };
		84DE8E3D1BA05D87000F0039 /* Info.plist */ = {isa = PBXFileReference; lastKnownFileType = text.plist.xml; path = Info.plist; sourceTree = "<group>"; };
		84DE8E3E1BA05D87000F0039 /* HelloWoTests.m */ = {isa = PBXFileReference; lastKnownFileType = sourcecode.c.objc; path = HelloWoTests.m; sourceTree = "<group>"; };
		84DE8E481BA06766000F0039 /* SecondViewController.h */ = {isa = PBXFileReference; fileEncoding = 4; lastKnownFileType = sourcecode.c.h; path = SecondViewController.h; sourceTree = "<group>"; };
		84DE8E491BA06766000F0039 /* SecondViewController.m */ = {isa = PBXFileReference; fileEncoding = 4; lastKnownFileType = sourcecode.c.objc; path = SecondViewController.m; sourceTree = "<group>"; };
/* End PBXFileReference section */

/* Begin PBXFrameworksBuildPhase section */
		84DE8E1C1BA05D87000F0039 /* Frameworks */ = {
			isa = PBXFrameworksBuildPhase;
			buildActionMask = 2147483647;
			files = (
			);
			runOnlyForDeploymentPostprocessing = 0;
		};
		84DE8E351BA05D87000F0039 /* Frameworks */ = {
			isa = PBXFrameworksBuildPhase;
			buildActionMask = 2147483647;
			files = (
			);
			runOnlyForDeploymentPostprocessing = 0;
		};
/* End PBXFrameworksBuildPhase section */

/* Begin PBXGroup section */
		84DE8E161BA05D86000F0039 = {
			isa = PBXGroup;
			children = (
				84DE8E211BA05D87000F0039 /* HelloWo */,
				84DE8E3B1BA05D87000F0039 /* HelloWoTests */,
				84DE8E201BA05D87000F0039 /* Products */,
			);
			sourceTree = "<group>";
		};
		84DE8E201BA05D87000F0039 /* Products */ = {
			isa = PBXGroup;
			children = (
				84DE8E1F1BA05D87000F0039 /* HelloWo.app */,
				84DE8E381BA05D87000F0039 /* HelloWoTests.xctest */,
			);
			name = Products;
			sourceTree = "<group>";
		};
		84DE8E211BA05D87000F0039 /* HelloWo */ = {
			isa = PBXGroup;
			children = (
				84DE8E261BA05D87000F0039 /* AppDelegate.h */,
				84DE8E271BA05D87000F0039 /* AppDelegate.m */,
				84DE8E291BA05D87000F0039 /* ViewController.h */,
				84DE8E2A1BA05D87000F0039 /* ViewController.m */,
				84DE8E2C1BA05D87000F0039 /* Main.storyboard */,
				84DE8E2F1BA05D87000F0039 /* Images.xcassets */,
				84DE8E311BA05D87000F0039 /* LaunchScreen.xib */,
				84DE8E221BA05D87000F0039 /* Supporting Files */,
				84DE8E481BA06766000F0039 /* SecondViewController.h */,
				84DE8E491BA06766000F0039 /* SecondViewController.m */,
			);
			path = HelloWo;
			sourceTree = "<group>";
		};
		84DE8E221BA05D87000F0039 /* Supporting Files */ = {
			isa = PBXGroup;
			children = (
				84DE8E231BA05D87000F0039 /* Info.plist */,
				84DE8E241BA05D87000F0039 /* main.m */,
			);
			name = "Supporting Files";
			sourceTree = "<group>";
		};
		84DE8E3B1BA05D87000F0039 /* HelloWoTests */ = {
			isa = PBXGroup;
			children = (
				84DE8E3E1BA05D87000F0039 /* HelloWoTests.m */,
				84DE8E3C1BA05D87000F0039 /* Supporting Files */,
			);
			path = HelloWoTests;
			sourceTree = "<group>";
		};
		84DE8E3C1BA05D87000F0039 /* Supporting Files */ = {
			isa = PBXGroup;
			children = (
				84DE8E3D1BA05D87000F0039 /* Info.plist */,
			);
			name = "Supporting Files";
			sourceTree = "<group>";
		};
/* End PBXGroup section */

/* Begin PBXNativeTarget section */
		84DE8E1E1BA05D87000F0039 /* HelloWo */ = {
			isa = PBXNativeTarget;
			buildConfigurationList = 84DE8E421BA05D87000F0039 /* Build configuration list for PBXNativeTarget "HelloWo" */;
			buildPhases = (
				84DE8E1B1BA05D87000F0039 /* Sources */,
				84DE8E1C1BA05D87000F0039 /* Frameworks */,
				84DE8E1D1BA05D87000F0039 /* Resources */,
			);
			buildRules = (
			);
			dependencies = (
			);
			name = HelloWo;
			productName = HelloWo;
			productReference = 84DE8E1F1BA05D87000F0039 /* HelloWo.app */;
			productType = "com.apple.product-type.application";
		};
		84DE8E371BA05D87000F0039 /* HelloWoTests */ = {
			isa = PBXNativeTarget;
			buildConfigurationList = 84DE8E451BA05D87000F0039 /* Build configuration list for PBXNativeTarget "HelloWoTests" */;
			buildPhases = (
				84DE8E341BA05D87000F0039 /* Sources */,
				84DE8E351BA05D87000F0039 /* Frameworks */,
				84DE8E361BA05D87000F0039 /* Resources */,
			);
			buildRules = (
			);
			dependencies = (
				84DE8E3A1BA05D87000F0039 /* PBXTargetDependency */,
			);
			name = HelloWoTests;
			productName = HelloWoTests;
			productReference = 84DE8E381BA05D87000F0039 /* HelloWoTests.xctest */;
			productType = "com.apple.product-type.bundle.unit-test";
		};
/* End PBXNativeTarget section */

/* Begin PBXProject section */
		84DE8E171BA05D86000F0039 /* Project object */ = {
			isa = PBXProject;
			attributes = {
				LastUpgradeCheck = 0640;
				ORGANIZATIONNAME = Admin;
				TargetAttributes = {
					84DE8E1E1BA05D87000F0039 = {
						CreatedOnToolsVersion = 6.4;
					};
					84DE8E371BA05D87000F0039 = {
						CreatedOnToolsVersion = 6.4;
						TestTargetID = 84DE8E1E1BA05D87000F0039;
					};
				};
			};
			buildConfigurationList = 84DE8E1A1BA05D86000F0039 /* Build configuration list for PBXProject "HelloWo" */;
			compatibilityVersion = "Xcode 3.2";
			developmentRegion = English;
			hasScannedForEncodings = 0;
			knownRegions = (
				en,
				Base,
			);
			mainGroup = 84DE8E161BA05D86000F0039;
			productRefGroup = 84DE8E201BA05D87000F0039 /* Products */;
			projectDirPath = "";
			projectRoot = "";
			targets = (
				84DE8E1E1BA05D87000F0039 /* HelloWo */,
				84DE8E371BA05D87000F0039 /* HelloWoTests */,
			);
		};
/* End PBXProject section */

/* Begin PBXResourcesBuildPhase section */
		84DE8E1D1BA05D87000F0039 /* Resources */ = {
			isa = PBXResourcesBuildPhase;
			buildActionMask = 2147483647;
			files = (
				84DE8E2E1BA05D87000F0039 /* Main.storyboard in Resources */,
				84DE8E331BA05D87000F0039 /* LaunchScreen.xib in Resources */,
				84DE8E301BA05D87000F0039 /* Images.xcassets in Resources */,
			);
			runOnlyForDeploymentPostprocessing = 0;
		};
		84DE8E361BA05D87000F0039 /* Resources */ = {
			isa = PBXResourcesBuildPhase;
			buildActionMask = 2147483647;
			files = (
			);
			runOnlyForDeploymentPostprocessing = 0;
		};
/* End PBXResourcesBuildPhase section */

/* Begin PBXSourcesBuildPhase section */
		84DE8E1B1BA05D87000F0039 /* Sources */ = {
			isa = PBXSourcesBuildPhase;
			buildActionMask = 2147483647;
			files = (
				84DE8E4A1BA06766000F0039 /* SecondViewController.m in Sources */,
				84DE8E2B1BA05D87000F0039 /* ViewController.m in Sources */,
				84DE8E281BA05D87000F0039 /* AppDelegate.m in Sources */,
				84DE8E251BA05D87000F0039 /* main.m in Sources */,
			);
			runOnlyForDeploymentPostprocessing = 0;
		};
		84DE8E341BA05D87000F0039 /* Sources */ = {
			isa = PBXSourcesBuildPhase;
			buildActionMask = 2147483647;
			files = (
				84DE8E3F1BA05D87000F0039 /* HelloWoTests.m in Sources */,
			);
			runOnlyForDeploymentPostprocessing = 0;
		};
/* End PBXSourcesBuildPhase section */

/* Begin PBXTargetDependency section */
		84DE8E3A1BA05D87000F0039 /* PBXTargetDependency */ = {
			isa = PBXTargetDependency;
			target = 84DE8E1E1BA05D87000F0039 /* HelloWo */;
			targetProxy = 84DE8E391BA05D87000F0039 /* PBXContainerItemProxy */;
		};
/* End PBXTargetDependency section */

/* Begin PBXVariantGroup section */
		84DE8E2C1BA05D87000F0039 /* Main.storyboard */ = {
			isa = PBXVariantGroup;
			children = (
				84DE8E2D1BA05D87000F0039 /* Base */,
			);
			name = Main.storyboard;
			sourceTree = "<group>";
		};
		84DE8E311BA05D87000F0039 /* LaunchScreen.xib */ = {
			isa = PBXVariantGroup;
			children = (
				84DE8E321BA05D87000F0039 /* Base */,
			);
			name = LaunchScreen.xib;
			sourceTree = "<group>";
		};
/* End PBXVariantGroup section */

/* Begin XCBuildConfiguration section */
		84DE8E401BA05D87000F0039 /* Debug */ = {
			isa = XCBuildConfiguration;
			buildSettings = {
				ALWAYS_SEARCH_USER_PATHS = NO;
				CLANG_CXX_LANGUAGE_STANDARD = "gnu++0x";
				CLANG_CXX_LIBRARY = "libc++";
				CLANG_ENABLE_MODULES = YES;
				CLANG_ENABLE_OBJC_ARC = YES;
				CLANG_WARN_BOOL_CONVERSION = YES;
				CLANG_WARN_CONSTANT_CONVERSION = YES;
				CLANG_WARN_DIRECT_OBJC_ISA_USAGE = YES_ERROR;
				CLANG_WARN_EMPTY_BODY = YES;
				CLANG_WARN_ENUM_CONVERSION = YES;
				CLANG_WARN_INT_CONVERSION = YES;
				CLANG_WARN_OBJC_ROOT_CLASS = YES_ERROR;
				CLANG_WARN_UNREACHABLE_CODE = YES;
				CLANG_WARN__DUPLICATE_METHOD_MATCH = YES;
				"CODE_SIGN_IDENTITY[sdk=iphoneos*]" = "iPhone Developer";
				COPY_PHASE_STRIP = NO;
				DEBUG_INFORMATION_FORMAT = "dwarf-with-dsym";
				ENABLE_STRICT_OBJC_MSGSEND = YES;
				GCC_C_LANGUAGE_STANDARD = gnu99;
				GCC_DYNAMIC_NO_PIC = NO;
				GCC_NO_COMMON_BLOCKS = YES;
				GCC_OPTIMIZATION_LEVEL = 0;
				GCC_PREPROCESSOR_DEFINITIONS = (
					"DEBUG=1",
					"$(inherited)",
				);
				GCC_SYMBOLS_PRIVATE_EXTERN = NO;
				GCC_WARN_64_TO_32_BIT_CONVERSION = YES;
				GCC_WARN_ABOUT_RETURN_TYPE = YES_ERROR;
				GCC_WARN_UNDECLARED_SELECTOR = YES;
				GCC_WARN_UNINITIALIZED_AUTOS = YES_AGGRESSIVE;
				GCC_WARN_UNUSED_FUNCTION = YES;
				GCC_WARN_UNUSED_VARIABLE = YES;
				IPHONEOS_DEPLOYMENT_TARGET = 8.4;
				MTL_ENABLE_DEBUG_INFO = YES;
				ONLY_ACTIVE_ARCH = YES;
				SDKROOT = iphoneos;
			};
			name = Debug;
		};
		84DE8E411BA05D87000F0039 /* Release */ = {
			isa = XCBuildConfiguration;
			buildSettings = {
				ALWAYS_SEARCH_USER_PATHS = NO;
				CLANG_CXX_LANGUAGE_STANDARD = "gnu++0x";
				CLANG_CXX_LIBRARY = "libc++";
				CLANG_ENABLE_MODULES = YES;
				CLANG_ENABLE_OBJC_ARC = YES;
				CLANG_WARN_BOOL_CONVERSION = YES;
				CLANG_WARN_CONSTANT_CONVERSION = YES;
				CLANG_WARN_DIRECT_OBJC_ISA_USAGE = YES_ERROR;
				CLANG_WARN_EMPTY_BODY = YES;
				CLANG_WARN_ENUM_CONVERSION = YES;
				CLANG_WARN_INT_CONVERSION = YES;
				CLANG_WARN_OBJC_ROOT_CLASS = YES_ERROR;
				CLANG_WARN_UNREACHABLE_CODE = YES;
				CLANG_WARN__DUPLICATE_METHOD_MATCH = YES;
				"CODE_SIGN_IDENTITY[sdk=iphoneos*]" = "iPhone Developer";
				COPY_PHASE_STRIP = NO;
				DEBUG_INFORMATION_FORMAT = "dwarf-with-dsym";
				ENABLE_NS_ASSERTIONS = NO;
				ENABLE_STRICT_OBJC_MSGSEND = YES;
				GCC_C_LANGUAGE_STANDARD = gnu99;
				GCC_NO_COMMON_BLOCKS = YES;
				GCC_WARN_64_TO_32_BIT_CONVERSION = YES;
				GCC_WARN_ABOUT_RETURN_TYPE = YES_ERROR;
				GCC_WARN_UNDECLARED_SELECTOR = YES;
				GCC_WARN_UNINITIALIZED_AUTOS = YES_AGGRESSIVE;
				GCC_WARN_UNUSED_FUNCTION = YES;
				GCC_WARN_UNUSED_VARIABLE = YES;
				IPHONEOS_DEPLOYMENT_TARGET = 8.4;
				MTL_ENABLE_DEBUG_INFO = NO;
				SDKROOT = iphoneos;
				VALIDATE_PRODUCT = YES;
			};
			name = Release;
		};
		84DE8E431BA05D87000F0039 /* Debug */ = {
			isa = XCBuildConfiguration;
			buildSettings = {
				ASSETCATALOG_COMPILER_APPICON_NAME = AppIcon;
				INFOPLIST_FILE = HelloWo/Info.plist;
				LD_RUNPATH_SEARCH_PATHS = "$(inherited) @executable_path/Frameworks";
				PRODUCT_NAME = "$(TARGET_NAME)";
			};
			name = Debug;
		};
		84DE8E441BA05D87000F0039 /* Release */ = {
			isa = XCBuildConfiguration;
			buildSettings = {
				ASSETCATALOG_COMPILER_APPICON_NAME = AppIcon;
				INFOPLIST_FILE = HelloWo/Info.plist;
				LD_RUNPATH_SEARCH_PATHS = "$(inherited) @executable_path/Frameworks";
				PRODUCT_NAME = "$(TARGET_NAME)";
			};
			name = Release;
		};
		84DE8E461BA05D87000F0039 /* Debug */ = {
			isa = XCBuildConfiguration;
			buildSettings = {
				BUNDLE_LOADER = "$(TEST_HOST)";
				FRAMEWORK_SEARCH_PATHS = (
					"$(SDKROOT)/Developer/Library/Frameworks",
					"$(inherited)",
				);
				GCC_PREPROCESSOR_DEFINITIONS = (
					"DEBUG=1",
					"$(inherited)",
				);
				INFOPLIST_FILE = HelloWoTests/Info.plist;
				LD_RUNPATH_SEARCH_PATHS = "$(inherited) @executable_path/Frameworks @loader_path/Frameworks";
				PRODUCT_NAME = "$(TARGET_NAME)";
				TEST_HOST = "$(BUILT_PRODUCTS_DIR)/HelloWo.app/HelloWo";
			};
			name = Debug;
		};
		84DE8E471BA05D87000F0039 /* Release */ = {
			isa = XCBuildConfiguration;
			buildSettings = {
				BUNDLE_LOADER = "$(TEST_HOST)";
				FRAMEWORK_SEARCH_PATHS = (
					"$(SDKROOT)/Developer/Library/Frameworks",
					"$(inherited)",
				);
				INFOPLIST_FILE = HelloWoTests/Info.plist;
				LD_RUNPATH_SEARCH_PATHS = "$(inherited) @executable_path/Frameworks @loader_path/Frameworks";
				PRODUCT_NAME = "$(TARGET_NAME)";
				TEST_HOST = "$(BUILT_PRODUCTS_DIR)/HelloWo.app/HelloWo";
			};
			name = Release;
		};
/* End XCBuildConfiguration section */

/* Begin XCConfigurationList section */
		84DE8E1A1BA05D86000F0039 /* Build configuration list for PBXProject "HelloWo" */ = {
			isa = XCConfigurationList;
			buildConfigurations = (
				84DE8E401BA05D87000F0039 /* Debug */,
				84DE8E411BA05D87000F0039 /* Release */,
			);
			defaultConfigurationIsVisible = 0;
			defaultConfigurationName = Release;
		};
		84DE8E421BA05D87000F0039 /* Build configuration list for PBXNativeTarget "HelloWo" */ = {
			isa = XCConfigurationList;
			buildConfigurations = (
				84DE8E431BA05D87000F0039 /* Debug */,
				84DE8E441BA05D87000F0039 /* Release */,
			);
			defaultConfigurationIsVisible = 0;
		};
		84DE8E451BA05D87000F0039 /* Build configuration list for PBXNativeTarget "HelloWoTests" */ = {
			isa = XCConfigurationList;
			buildConfigurations = (
				84DE8E461BA05D87000F0039 /* Debug */,
				84DE8E471BA05D87000F0039 /* Release */,
			);
			defaultConfigurationIsVisible = 0;
		};
/* End XCConfigurationList section */
	};
	rootObject = 84DE8E171BA05D86000F0039 /* Project object */;
}
